
Microsoft Visual Studio Solution File, Format Version 12.00
# Visual Studio Version 17
VisualStudioVersion = 17.0.31903.59
MinimumVisualStudioVersion = 10.0.40219.1
Project("{FAE04EC0-301F-11D3-BF4B-00C04F79EFBC}") = "debugtools", "debugtools\debugtools.csproj", "{9F303A13-5D15-4788-BA9C-38466F79C65D}"
EndProject
Project("{FAE04EC0-301F-11D3-BF4B-00C04F79EFBC}") = "NetWorkPlugin", "networkplugin\NetWorkPlugin.csproj", "{A9E205B8-876D-4E45-A583-DAC7893551A6}"
EndProject
Project("{FAE04EC0-301F-11D3-BF4B-00C04F79EFBC}") = "UiObjectQueryPlugin", "UiObjectQueryPlugin\UiObjectQueryPlugin.csproj", "{C4E8C0D0-21E5-4A9B-A9B4-2F695BFF0F11}"
EndProject
Project("{2150E333-8FDC-42A3-9474-1A3956D46DE8}") = "lbol", "lbol", "{43633E00-8084-F35B-9491-70078C8A554D}"
EndProject
Project("{FAE04EC0-301F-11D3-BF4B-00C04F79EFBC}") = "LBoL.Base", "lbol\LBoL.Base\LBoL.Base.csproj", "{B12C7AB6-8218-45E5-9412-B8727169AFB4}"
EndProject
Project("{FAE04EC0-301F-11D3-BF4B-00C04F79EFBC}") = "LBoL.ConfigData", "lbol\LBoL.ConfigData\LBoL.ConfigData.csproj", "{B12C7AB6-8218-45E5-9412-B8727169AFB5}"
EndProject
Project("{FAE04EC0-301F-11D3-BF4B-00C04F79EFBC}") = "LBoL.Core", "lbol\LBoL.Core\LBoL.Core.csproj", "{B12C7AB6-8218-45E5-9412-B8727169AFB6}"
EndProject
Project("{FAE04EC0-301F-11D3-BF4B-00C04F79EFBC}") = "LBoL.EntityLib", "lbol\LBoL.EntityLib\LBoL.EntityLib.csproj", "{B12C7AB6-8218-45E5-9412-B8727169AFB7}"
EndProject
Project("{FAE04EC0-301F-11D3-BF4B-00C04F79EFBC}") = "LBoL.Presentation", "lbol\LBoL.Presentation\LBoL.Presentation.csproj", "{B12C7AB6-8218-45E5-9412-B8727169AFB8}"
EndProject
Project("{2150E333-8FDC-42A3-9474-1A3956D46DE8}") = "NetworkPlugin.Folder", "NetworkPlugin.Folder", "{7847EC6A-2738-E82D-E12B-67EBF827566C}"
EndProject
Project("{2150E333-8FDC-42A3-9474-1A3956D46DE8}") = "Tests", "Tests", "{E78D0CD6-EDB0-F4B8-C777-839B7332A8E8}"
EndProject
Project("{FAE04EC0-301F-11D3-BF4B-00C04F79EFBC}") = "NetworkPlugin.Tests", "networkplugin\Tests\NetworkPlugin.Tests.csproj", "{B669089A-3104-419B-947C-D60374495A94}"
EndProject
Project("{2150E333-8FDC-42A3-9474-1A3956D46DE8}") = "Benchmarks", "Benchmarks", "{0061E171-F347-888A-44E8-06B8BF2453CD}"
EndProject
Project("{FAE04EC0-301F-11D3-BF4B-00C04F79EFBC}") = "NetworkPlugin.Benchmarks", "networkplugin\Benchmarks\NetworkPlugin.Benchmarks.csproj", "{A08A5498-483D-4273-B359-8BBE137BE7D7}"
EndProject
Project("{FAE04EC0-301F-11D3-BF4B-00C04F79EFBC}") = "AiSimClient", "AiSimClient\AiSimClient.csproj", "{F5EC6617-2674-4538-8117-37383EDA4FEB}"
EndProject
Global
	GlobalSection(SolutionConfigurationPlatforms) = preSolution
		Debug|Any CPU = Debug|Any CPU
		Debug|x64 = Debug|x64
		Debug|x86 = Debug|x86
		Release|Any CPU = Release|Any CPU
		Release|x64 = Release|x64
		Release|x86 = Release|x86
	EndGlobalSection
	GlobalSection(ProjectConfigurationPlatforms) = postSolution
		{9F303A13-5D15-4788-BA9C-38466F79C65D}.Debug|Any CPU.ActiveCfg = Debug|Any CPU
		{9F303A13-5D15-4788-BA9C-38466F79C65D}.Debug|Any CPU.Build.0 = Debug|Any CPU
		{9F303A13-5D15-4788-BA9C-38466F79C65D}.Debug|x64.ActiveCfg = Debug|Any CPU
		{9F303A13-5D15-4788-BA9C-38466F79C65D}.Debug|x64.Build.0 = Debug|Any CPU
		{9F303A13-5D15-4788-BA9C-38466F79C65D}.Debug|x86.ActiveCfg = Debug|Any CPU
		{9F303A13-5D15-4788-BA9C-38466F79C65D}.Debug|x86.Build.0 = Debug|Any CPU
		{9F303A13-5D15-4788-BA9C-38466F79C65D}.Release|Any CPU.ActiveCfg = Release|Any CPU
		{9F303A13-5D15-4788-BA9C-38466F79C65D}.Release|Any CPU.Build.0 = Release|Any CPU
		{9F303A13-5D15-4788-BA9C-38466F79C65D}.Release|x64.ActiveCfg = Release|Any CPU
		{9F303A13-5D15-4788-BA9C-38466F79C65D}.Release|x64.Build.0 = Release|Any CPU
		{9F303A13-5D15-4788-BA9C-38466F79C65D}.Release|x86.ActiveCfg = Release|Any CPU
		{9F303A13-5D15-4788-BA9C-38466F79C65D}.Release|x86.Build.0 = Release|Any CPU
		{A9E205B8-876D-4E45-A583-DAC7893551A6}.Debug|Any CPU.ActiveCfg = Debug|Any CPU
		{A9E205B8-876D-4E45-A583-DAC7893551A6}.Debug|Any CPU.Build.0 = Debug|Any CPU
		{A9E205B8-876D-4E45-A583-DAC7893551A6}.Debug|x64.ActiveCfg = Debug|Any CPU
		{A9E205B8-876D-4E45-A583-DAC7893551A6}.Debug|x64.Build.0 = Debug|Any CPU
		{A9E205B8-876D-4E45-A583-DAC7893551A6}.Debug|x86.ActiveCfg = Debug|Any CPU
		{A9E205B8-876D-4E45-A583-DAC7893551A6}.Debug|x86.Build.0 = Debug|Any CPU
		{A9E205B8-876D-4E45-A583-DAC7893551A6}.Release|Any CPU.ActiveCfg = Release|Any CPU
		{A9E205B8-876D-4E45-A583-DAC7893551A6}.Release|Any CPU.Build.0 = Release|Any CPU
		{A9E205B8-876D-4E45-A583-DAC7893551A6}.Release|x64.ActiveCfg = Release|Any CPU
		{A9E205B8-876D-4E45-A583-DAC7893551A6}.Release|x64.Build.0 = Release|Any CPU
		{A9E205B8-876D-4E45-A583-DAC7893551A6}.Release|x86.ActiveCfg = Release|Any CPU
		{A9E205B8-876D-4E45-A583-DAC7893551A6}.Release|x86.Build.0 = Release|Any CPU
		{C4E8C0D0-21E5-4A9B-A9B4-2F695BFF0F11}.Debug|Any CPU.ActiveCfg = Debug|Any CPU
		{C4E8C0D0-21E5-4A9B-A9B4-2F695BFF0F11}.Debug|Any CPU.Build.0 = Debug|Any CPU
		{C4E8C0D0-21E5-4A9B-A9B4-2F695BFF0F11}.Debug|x64.ActiveCfg = Debug|Any CPU
		{C4E8C0D0-21E5-4A9B-A9B4-2F695BFF0F11}.Debug|x64.Build.0 = Debug|Any CPU
		{C4E8C0D0-21E5-4A9B-A9B4-2F695BFF0F11}.Debug|x86.ActiveCfg = Debug|Any CPU
		{C4E8C0D0-21E5-4A9B-A9B4-2F695BFF0F11}.Debug|x86.Build.0 = Debug|Any CPU
		{C4E8C0D0-21E5-4A9B-A9B4-2F695BFF0F11}.Release|Any CPU.ActiveCfg = Release|Any CPU
		{C4E8C0D0-21E5-4A9B-A9B4-2F695BFF0F11}.Release|Any CPU.Build.0 = Release|Any CPU
		{C4E8C0D0-21E5-4A9B-A9B4-2F695BFF0F11}.Release|x64.ActiveCfg = Release|Any CPU
		{C4E8C0D0-21E5-4A9B-A9B4-2F695BFF0F11}.Release|x64.Build.0 = Release|Any CPU
		{C4E8C0D0-21E5-4A9B-A9B4-2F695BFF0F11}.Release|x86.ActiveCfg = Release|Any CPU
		{C4E8C0D0-21E5-4A9B-A9B4-2F695BFF0F11}.Release|x86.Build.0 = Release|Any CPU
		{B12C7AB6-8218-45E5-9412-B8727169AFB4}.Debug|Any CPU.ActiveCfg = Debug|Any CPU
		{B12C7AB6-8218-45E5-9412-B8727169AFB4}.Debug|Any CPU.Build.0 = Debug|Any CPU
		{B12C7AB6-8218-45E5-9412-B8727169AFB4}.Debug|x64.ActiveCfg = Debug|Any CPU
		{B12C7AB6-8218-45E5-9412-B8727169AFB4}.Debug|x64.Build.0 = Debug|Any CPU
		{B12C7AB6-8218-45E5-9412-B8727169AFB4}.Debug|x86.ActiveCfg = Debug|Any CPU
		{B12C7AB6-8218-45E5-9412-B8727169AFB4}.Debug|x86.Build.0 = Debug|Any CPU
		{B12C7AB6-8218-45E5-9412-B8727169AFB4}.Release|Any CPU.ActiveCfg = Release|Any CPU
		{B12C7AB6-8218-45E5-9412-B8727169AFB4}.Release|Any CPU.Build.0 = Release|Any CPU
		{B12C7AB6-8218-45E5-9412-B8727169AFB4}.Release|x64.ActiveCfg = Release|Any CPU
		{B12C7AB6-8218-45E5-9412-B8727169AFB4}.Release|x64.Build.0 = Release|Any CPU
		{B12C7AB6-8218-45E5-9412-B8727169AFB4}.Release|x86.ActiveCfg = Release|Any CPU
		{B12C7AB6-8218-45E5-9412-B8727169AFB4}.Release|x86.Build.0 = Release|Any CPU
		{B12C7AB6-8218-45E5-9412-B8727169AFB5}.Debug|Any CPU.ActiveCfg = Debug|Any CPU
		{B12C7AB6-8218-45E5-9412-B8727169AFB5}.Debug|Any CPU.Build.0 = Debug|Any CPU
		{B12C7AB6-8218-45E5-9412-B8727169AFB5}.Debug|x64.ActiveCfg = Debug|Any CPU
		{B12C7AB6-8218-45E5-9412-B8727169AFB5}.Debug|x64.Build.0 = Debug|Any CPU
		{B12C7AB6-8218-45E5-9412-B8727169AFB5}.Debug|x86.ActiveCfg = Debug|Any CPU
		{B12C7AB6-8218-45E5-9412-B8727169AFB5}.Debug|x86.Build.0 = Debug|Any CPU
		{B12C7AB6-8218-45E5-9412-B8727169AFB5}.Release|Any CPU.ActiveCfg = Release|Any CPU
		{B12C7AB6-8218-45E5-9412-B8727169AFB5}.Release|Any CPU.Build.0 = Release|Any CPU
		{B12C7AB6-8218-45E5-9412-B8727169AFB5}.Release|x64.ActiveCfg = Release|Any CPU
		{B12C7AB6-8218-45E5-9412-B8727169AFB5}.Release|x64.Build.0 = Release|Any CPU
		{B12C7AB6-8218-45E5-9412-B8727169AFB5}.Release|x86.ActiveCfg = Release|Any CPU
		{B12C7AB6-8218-45E5-9412-B8727169AFB5}.Release|x86.Build.0 = Release|Any CPU
		{B12C7AB6-8218-45E5-9412-B8727169AFB6}.Debug|Any CPU.ActiveCfg = Debug|Any CPU
		{B12C7AB6-8218-45E5-9412-B8727169AFB6}.Debug|Any CPU.Build.0 = Debug|Any CPU
		{B12C7AB6-8218-45E5-9412-B8727169AFB6}.Debug|x64.ActiveCfg = Debug|Any CPU
		{B12C7AB6-8218-45E5-9412-B8727169AFB6}.Debug|x64.Build.0 = Debug|Any CPU
		{B12C7AB6-8218-45E5-9412-B8727169AFB6}.Debug|x86.ActiveCfg = Debug|Any CPU
		{B12C7AB6-8218-45E5-9412-B8727169AFB6}.Debug|x86.Build.0 = Debug|Any CPU
		{B12C7AB6-8218-45E5-9412-B8727169AFB6}.Release|Any CPU.ActiveCfg = Release|Any CPU
		{B12C7AB6-8218-45E5-9412-B8727169AFB6}.Release|Any CPU.Build.0 = Release|Any CPU
		{B12C7AB6-8218-45E5-9412-B8727169AFB6}.Release|x64.ActiveCfg = Release|Any CPU
		{B12C7AB6-8218-45E5-9412-B8727169AFB6}.Release|x64.Build.0 = Release|Any CPU
		{B12C7AB6-8218-45E5-9412-B8727169AFB6}.Release|x86.ActiveCfg = Release|Any CPU
		{B12C7AB6-8218-45E5-9412-B8727169AFB6}.Release|x86.Build.0 = Release|Any CPU
		{B12C7AB6-8218-45E5-9412-B8727169AFB7}.Debug|Any CPU.ActiveCfg = Debug|Any CPU
		{B12C7AB6-8218-45E5-9412-B8727169AFB7}.Debug|Any CPU.Build.0 = Debug|Any CPU
		{B12C7AB6-8218-45E5-9412-B8727169AFB7}.Debug|x64.ActiveCfg = Debug|Any CPU
		{B12C7AB6-8218-45E5-9412-B8727169AFB7}.Debug|x64.Build.0 = Debug|Any CPU
		{B12C7AB6-8218-45E5-9412-B8727169AFB7}.Debug|x86.ActiveCfg = Debug|Any CPU
		{B12C7AB6-8218-45E5-9412-B8727169AFB7}.Debug|x86.Build.0 = Debug|Any CPU
		{B12C7AB6-8218-45E5-9412-B8727169AFB7}.Release|Any CPU.ActiveCfg = Release|Any CPU
		{B12C7AB6-8218-45E5-9412-B8727169AFB7}.Release|Any CPU.Build.0 = Release|Any CPU
		{B12C7AB6-8218-45E5-9412-B8727169AFB7}.Release|x64.ActiveCfg = Release|Any CPU
		{B12C7AB6-8218-45E5-9412-B8727169AFB7}.Release|x64.Build.0 = Release|Any CPU
		{B12C7AB6-8218-45E5-9412-B8727169AFB7}.Release|x86.ActiveCfg = Release|Any CPU
		{B12C7AB6-8218-45E5-9412-B8727169AFB7}.Release|x86.Build.0 = Release|Any CPU
		{B12C7AB6-8218-45E5-9412-B8727169AFB8}.Debug|Any CPU.ActiveCfg = Debug|Any CPU
		{B12C7AB6-8218-45E5-9412-B8727169AFB8}.Debug|Any CPU.Build.0 = Debug|Any CPU
		{B12C7AB6-8218-45E5-9412-B8727169AFB8}.Debug|x64.ActiveCfg = Debug|Any CPU
		{B12C7AB6-8218-45E5-9412-B8727169AFB8}.Debug|x64.Build.0 = Debug|Any CPU
		{B12C7AB6-8218-45E5-9412-B8727169AFB8}.Debug|x86.ActiveCfg = Debug|Any CPU
		{B12C7AB6-8218-45E5-9412-B8727169AFB8}.Debug|x86.Build.0 = Debug|Any CPU
		{B12C7AB6-8218-45E5-9412-B8727169AFB8}.Release|Any CPU.ActiveCfg = Release|Any CPU
		{B12C7AB6-8218-45E5-9412-B8727169AFB8}.Release|Any CPU.Build.0 = Release|Any CPU
		{B12C7AB6-8218-45E5-9412-B8727169AFB8}.Release|x64.ActiveCfg = Release|Any CPU
		{B12C7AB6-8218-45E5-9412-B8727169AFB8}.Release|x64.Build.0 = Release|Any CPU
		{B12C7AB6-8218-45E5-9412-B8727169AFB8}.Release|x86.ActiveCfg = Release|Any CPU
		{B12C7AB6-8218-45E5-9412-B8727169AFB8}.Release|x86.Build.0 = Release|Any CPU
		{B669089A-3104-419B-947C-D60374495A94}.Debug|Any CPU.ActiveCfg = Debug|Any CPU
		{B669089A-3104-419B-947C-D60374495A94}.Debug|Any CPU.Build.0 = Debug|Any CPU
		{B669089A-3104-419B-947C-D60374495A94}.Debug|x64.ActiveCfg = Debug|Any CPU
		{B669089A-3104-419B-947C-D60374495A94}.Debug|x64.Build.0 = Debug|Any CPU
		{B669089A-3104-419B-947C-D60374495A94}.Debug|x86.ActiveCfg = Debug|Any CPU
		{B669089A-3104-419B-947C-D60374495A94}.Debug|x86.Build.0 = Debug|Any CPU
		{B669089A-3104-419B-947C-D60374495A94}.Release|Any CPU.ActiveCfg = Release|Any CPU
		{B669089A-3104-419B-947C-D60374495A94}.Release|Any CPU.Build.0 = Release|Any CPU
		{B669089A-3104-419B-947C-D60374495A94}.Release|x64.ActiveCfg = Release|Any CPU
		{B669089A-3104-419B-947C-D60374495A94}.Release|x64.Build.0 = Release|Any CPU
		{B669089A-3104-419B-947C-D60374495A94}.Release|x86.ActiveCfg = Release|Any CPU
		{B669089A-3104-419B-947C-D60374495A94}.Release|x86.Build.0 = Release|Any CPU
		{A08A5498-483D-4273-B359-8BBE137BE7D7}.Debug|Any CPU.ActiveCfg = Debug|Any CPU
		{A08A5498-483D-4273-B359-8BBE137BE7D7}.Debug|Any CPU.Build.0 = Debug|Any CPU
		{A08A5498-483D-4273-B359-8BBE137BE7D7}.Debug|x64.ActiveCfg = Debug|Any CPU
		{A08A5498-483D-4273-B359-8BBE137BE7D7}.Debug|x64.Build.0 = Debug|Any CPU
		{A08A5498-483D-4273-B359-8BBE137BE7D7}.Debug|x86.ActiveCfg = Debug|Any CPU
		{A08A5498-483D-4273-B359-8BBE137BE7D7}.Debug|x86.Build.0 = Debug|Any CPU
		{A08A5498-483D-4273-B359-8BBE137BE7D7}.Release|Any CPU.ActiveCfg = Release|Any CPU
		{A08A5498-483D-4273-B359-8BBE137BE7D7}.Release|Any CPU.Build.0 = Release|Any CPU
		{A08A5498-483D-4273-B359-8BBE137BE7D7}.Release|x64.ActiveCfg = Release|Any CPU
		{A08A5498-483D-4273-B359-8BBE137BE7D7}.Release|x64.Build.0 = Release|Any CPU
		{A08A5498-483D-4273-B359-8BBE137BE7D7}.Release|x86.ActiveCfg = Release|Any CPU
		{A08A5498-483D-4273-B359-8BBE137BE7D7}.Release|x86.Build.0 = Release|Any CPU
		{F5EC6617-2674-4538-8117-37383EDA4FEB}.Debug|Any CPU.ActiveCfg = Debug|Any CPU
		{F5EC6617-2674-4538-8117-37383EDA4FEB}.Debug|Any CPU.Build.0 = Debug|Any CPU
		{F5EC6617-2674-4538-8117-37383EDA4FEB}.Debug|x64.ActiveCfg = Debug|Any CPU
		{F5EC6617-2674-4538-8117-37383EDA4FEB}.Debug|x64.Build.0 = Debug|Any CPU
		{F5EC6617-2674-4538-8117-37383EDA4FEB}.Debug|x86.ActiveCfg = Debug|Any CPU
		{F5EC6617-2674-4538-8117-37383EDA4FEB}.Debug|x86.Build.0 = Debug|Any CPU
		{F5EC6617-2674-4538-8117-37383EDA4FEB}.Release|Any CPU.ActiveCfg = Release|Any CPU
		{F5EC6617-2674-4538-8117-37383EDA4FEB}.Release|Any CPU.Build.0 = Release|Any CPU
		{F5EC6617-2674-4538-8117-37383EDA4FEB}.Release|x64.ActiveCfg = Release|Any CPU
		{F5EC6617-2674-4538-8117-37383EDA4FEB}.Release|x64.Build.0 = Release|Any CPU
		{F5EC6617-2674-4538-8117-37383EDA4FEB}.Release|x86.ActiveCfg = Release|Any CPU
		{F5EC6617-2674-4538-8117-37383EDA4FEB}.Release|x86.Build.0 = Release|Any CPU
	EndGlobalSection
	GlobalSection(SolutionProperties) = preSolution
		HideSolutionNode = FALSE
	EndGlobalSection
	GlobalSection(NestedProjects) = preSolution
		{B12C7AB6-8218-45E5-9412-B8727169AFB4} = {43633E00-8084-F35B-9491-70078C8A554D}
		{B12C7AB6-8218-45E5-9412-B8727169AFB5} = {43633E00-8084-F35B-9491-70078C8A554D}
		{B12C7AB6-8218-45E5-9412-B8727169AFB6} = {43633E00-8084-F35B-9491-70078C8A554D}
		{B12C7AB6-8218-45E5-9412-B8727169AFB7} = {43633E00-8084-F35B-9491-70078C8A554D}
		{B12C7AB6-8218-45E5-9412-B8727169AFB8} = {43633E00-8084-F35B-9491-70078C8A554D}
		{E78D0CD6-EDB0-F4B8-C777-839B7332A8E8} = {7847EC6A-2738-E82D-E12B-67EBF827566C}
		{B669089A-3104-419B-947C-D60374495A94} = {E78D0CD6-EDB0-F4B8-C777-839B7332A8E8}
		{0061E171-F347-888A-44E8-06B8BF2453CD} = {7847EC6A-2738-E82D-E12B-67EBF827566C}
		{A08A5498-483D-4273-B359-8BBE137BE7D7} = {0061E171-F347-888A-44E8-06B8BF2453CD}
	EndGlobalSection
EndGlobal
