
Microsoft Visual Studio Solution File, Format Version 12.00
# Visual Studio Version 17
VisualStudioVersion = 17.0.31903.59
MinimumVisualStudioVersion = 10.0.40219.1
Project("{FAE04EC0-301F-11D3-BF4B-00C04F79EFBC}") = "debugtools", "debugtools\debugtools.csproj", "{9F303A13-5D15-4788-BA9C-38466F79C65D}"
EndProject
Project("{FAE04EC0-301F-11D3-BF4B-00C04F79EFBC}") = "networkplugin", "networkplugin\networkplugin.csproj", "{A9E205B8-876D-4E45-A583-DAC7893551A6}"
EndProject
Project("{2150E333-8FDC-42A3-9474-1A3956D46DE8}") = "lbol", "lbol", "{43633E00-8084-F35B-9491-70078C8A554D}"
EndProject
Project("{FAE04EC0-301F-11D3-BF4B-00C04F79EFBC}") = "LBoL.Base", "lbol\LBoL.Base\LBoL.Base.csproj", "{B12C7AB6-8218-45E5-9412-B8727169AFB4}"
EndProject
Project("{FAE04EC0-301F-11D3-BF4B-00C04F79EFBC}") = "LBoL.ConfigData", "lbol\LBoL.ConfigData\LBoL.ConfigData.csproj", "{B12C7AB6-8218-45E5-9412-B8727169AFB5}"
EndProject
Project("{FAE04EC0-301F-11D3-BF4B-00C04F79EFBC}") = "LBoL.Core", "lbol\LBoL.Core\LBoL.Core.csproj", "{B12C7AB6-8218-45E5-9412-B8727169AFB6}"
EndProject
Project("{FAE04EC0-301F-11D3-BF4B-00C04F79EFBC}") = "LBoL.EntityLib", "lbol\LBoL.EntityLib\LBoL.EntityLib.csproj", "{B12C7AB6-8218-45E5-9412-B8727169AFB7}"
EndProject
Project("{FAE04EC0-301F-11D3-BF4B-00C04F79EFBC}") = "LBoL.Presentation", "lbol\LBoL.Presentation\LBoL.Presentation.csproj", "{B12C7AB6-8218-45E5-9412-B8727169AFB8}"
EndProject
Global
	GlobalSection(SolutionConfigurationPlatforms) = preSolution
		Debug|Any CPU = Debug|Any CPU
		Debug|x64 = Debug|x64
		Debug|x86 = Debug|x86
		Release|Any CPU = Release|Any CPU
		Release|x64 = Release|x64
		Release|x86 = Release|x86
	EndGlobalSection
	GlobalSection(ProjectConfigurationPlatforms) = postSolution
		{9F303A13-5D15-4788-BA9C-38466F79C65D}.Debug|Any CPU.ActiveCfg = Debug|Any CPU
		{9F303A13-5D15-4788-BA9C-38466F79C65D}.Debug|Any CPU.Build.0 = Debug|Any CPU
		{9F303A13-5D15-4788-BA9C-38466F79C65D}.Debug|x64.ActiveCfg = Debug|Any CPU
		{9F303A13-5D15-4788-BA9C-38466F79C65D}.Debug|x64.Build.0 = Debug|Any CPU
		{9F303A13-5D15-4788-BA9C-38466F79C65D}.Debug|x86.ActiveCfg = Debug|Any CPU
		{9F303A13-5D15-4788-BA9C-38466F79C65D}.Debug|x86.Build.0 = Debug|Any CPU
		{9F303A13-5D15-4788-BA9C-38466F79C65D}.Release|Any CPU.ActiveCfg = Release|Any CPU
		{9F303A13-5D15-4788-BA9C-38466F79C65D}.Release|Any CPU.Build.0 = Release|Any CPU
		{9F303A13-5D15-4788-BA9C-38466F79C65D}.Release|x64.ActiveCfg = Release|Any CPU
		{9F303A13-5D15-4788-BA9C-38466F79C65D}.Release|x64.Build.0 = Release|Any CPU
		{9F303A13-5D15-4788-BA9C-38466F79C65D}.Release|x86.ActiveCfg = Release|Any CPU
		{9F303A13-5D15-4788-BA9C-38466F79C65D}.Release|x86.Build.0 = Release|Any CPU
		{A9E205B8-876D-4E45-A583-DAC7893551A6}.Debug|Any CPU.ActiveCfg = Debug|Any CPU
		{A9E205B8-876D-4E45-A583-DAC7893551A6}.Debug|Any CPU.Build.0 = Debug|Any CPU
		{A9E205B8-876D-4E45-A583-DAC7893551A6}.Debug|x64.ActiveCfg = Debug|Any CPU
		{A9E205B8-876D-4E45-A583-DAC7893551A6}.Debug|x64.Build.0 = Debug|Any CPU
		{A9E205B8-876D-4E45-A583-DAC7893551A6}.Debug|x86.ActiveCfg = Debug|Any CPU
		{A9E205B8-876D-4E45-A583-DAC7893551A6}.Debug|x86.Build.0 = Debug|Any CPU
		{A9E205B8-876D-4E45-A583-DAC7893551A6}.Release|Any CPU.ActiveCfg = Release|Any CPU
		{A9E205B8-876D-4E45-A583-DAC7893551A6}.Release|Any CPU.Build.0 = Release|Any CPU
		{A9E205B8-876D-4E45-A583-DAC7893551A6}.Release|x64.ActiveCfg = Release|Any CPU
		{A9E205B8-876D-4E45-A583-DAC7893551A6}.Release|x64.Build.0 = Release|Any CPU
		{A9E205B8-876D-4E45-A583-DAC7893551A6}.Release|x86.ActiveCfg = Release|Any CPU
		{A9E205B8-876D-4E45-A583-DAC7893551A6}.Release|x86.Build.0 = Release|Any CPU
		{B12C7AB6-8218-45E5-9412-B8727169AFB4}.Debug|Any CPU.ActiveCfg = Debug|Any CPU
		{B12C7AB6-8218-45E5-9412-B8727169AFB4}.Debug|Any CPU.Build.0 = Debug|Any CPU
		{B12C7AB6-8218-45E5-9412-B8727169AFB4}.Debug|x64.ActiveCfg = Debug|Any CPU
		{B12C7AB6-8218-45E5-9412-B8727169AFB4}.Debug|x64.Build.0 = Debug|Any CPU
		{B12C7AB6-8218-45E5-9412-B8727169AFB4}.Debug|x86.ActiveCfg = Debug|Any CPU
		{B12C7AB6-8218-45E5-9412-B8727169AFB4}.Debug|x86.Build.0 = Debug|Any CPU
		{B12C7AB6-8218-45E5-9412-B8727169AFB4}.Release|Any CPU.ActiveCfg = Release|Any CPU
		{B12C7AB6-8218-45E5-9412-B8727169AFB4}.Release|Any CPU.Build.0 = Release|Any CPU
		{B12C7AB6-8218-45E5-9412-B8727169AFB4}.Release|x64.ActiveCfg = Release|Any CPU
		{B12C7AB6-8218-45E5-9412-B8727169AFB4}.Release|x64.Build.0 = Release|Any CPU
		{B12C7AB6-8218-45E5-9412-B8727169AFB4}.Release|x86.ActiveCfg = Release|Any CPU
		{B12C7AB6-8218-45E5-9412-B8727169AFB4}.Release|x86.Build.0 = Release|Any CPU
		{B12C7AB6-8218-45E5-9412-B8727169AFB5}.Debug|Any CPU.ActiveCfg = Debug|Any CPU
		{B12C7AB6-8218-45E5-9412-B8727169AFB5}.Debug|Any CPU.Build.0 = Debug|Any CPU
		{B12C7AB6-8218-45E5-9412-B8727169AFB5}.Debug|x64.ActiveCfg = Debug|Any CPU
		{B12C7AB6-8218-45E5-9412-B8727169AFB5}.Debug|x64.Build.0 = Debug|Any CPU
		{B12C7AB6-8218-45E5-9412-B8727169AFB5}.Debug|x86.ActiveCfg = Debug|Any CPU
		{B12C7AB6-8218-45E5-9412-B8727169AFB5}.Debug|x86.Build.0 = Debug|Any CPU
		{B12C7AB6-8218-45E5-9412-B8727169AFB5}.Release|Any CPU.ActiveCfg = Release|Any CPU
		{B12C7AB6-8218-45E5-9412-B8727169AFB5}.Release|Any CPU.Build.0 = Release|Any CPU
		{B12C7AB6-8218-45E5-9412-B8727169AFB5}.Release|x64.ActiveCfg = Release|Any CPU
		{B12C7AB6-8218-45E5-9412-B8727169AFB5}.Release|x64.Build.0 = Release|Any CPU
		{B12C7AB6-8218-45E5-9412-B8727169AFB5}.Release|x86.ActiveCfg = Release|Any CPU
		{B12C7AB6-8218-45E5-9412-B8727169AFB5}.Release|x86.Build.0 = Release|Any CPU
		{B12C7AB6-8218-45E5-9412-B8727169AFB6}.Debug|Any CPU.ActiveCfg = Debug|Any CPU
		{B12C7AB6-8218-45E5-9412-B8727169AFB6}.Debug|Any CPU.Build.0 = Debug|Any CPU
		{B12C7AB6-8218-45E5-9412-B8727169AFB6}.Debug|x64.ActiveCfg = Debug|Any CPU
		{B12C7AB6-8218-45E5-9412-B8727169AFB6}.Debug|x64.Build.0 = Debug|Any CPU
		{B12C7AB6-8218-45E5-9412-B8727169AFB6}.Debug|x86.ActiveCfg = Debug|Any CPU
		{B12C7AB6-8218-45E5-9412-B8727169AFB6}.Debug|x86.Build.0 = Debug|Any CPU
		{B12C7AB6-8218-45E5-9412-B8727169AFB6}.Release|Any CPU.ActiveCfg = Release|Any CPU
		{B12C7AB6-8218-45E5-9412-B8727169AFB6}.Release|Any CPU.Build.0 = Release|Any CPU
		{B12C7AB6-8218-45E5-9412-B8727169AFB6}.Release|x64.ActiveCfg = Release|Any CPU
		{B12C7AB6-8218-45E5-9412-B8727169AFB6}.Release|x64.Build.0 = Release|Any CPU
		{B12C7AB6-8218-45E5-9412-B8727169AFB6}.Release|x86.ActiveCfg = Release|Any CPU
		{B12C7AB6-8218-45E5-9412-B8727169AFB6}.Release|x86.Build.0 = Release|Any CPU
		{B12C7AB6-8218-45E5-9412-B8727169AFB7}.Debug|Any CPU.ActiveCfg = Debug|Any CPU
		{B12C7AB6-8218-45E5-9412-B8727169AFB7}.Debug|Any CPU.Build.0 = Debug|Any CPU
		{B12C7AB6-8218-45E5-9412-B8727169AFB7}.Debug|x64.ActiveCfg = Debug|Any CPU
		{B12C7AB6-8218-45E5-9412-B8727169AFB7}.Debug|x64.Build.0 = Debug|Any CPU
		{B12C7AB6-8218-45E5-9412-B8727169AFB7}.Debug|x86.ActiveCfg = Debug|Any CPU
		{B12C7AB6-8218-45E5-9412-B8727169AFB7}.Debug|x86.Build.0 = Debug|Any CPU
		{B12C7AB6-8218-45E5-9412-B8727169AFB7}.Release|Any CPU.ActiveCfg = Release|Any CPU
		{B12C7AB6-8218-45E5-9412-B8727169AFB7}.Release|Any CPU.Build.0 = Release|Any CPU
		{B12C7AB6-8218-45E5-9412-B8727169AFB7}.Release|x64.ActiveCfg = Release|Any CPU
		{B12C7AB6-8218-45E5-9412-B8727169AFB7}.Release|x64.Build.0 = Release|Any CPU
		{B12C7AB6-8218-45E5-9412-B8727169AFB7}.Release|x86.ActiveCfg = Release|Any CPU
		{B12C7AB6-8218-45E5-9412-B8727169AFB7}.Release|x86.Build.0 = Release|Any CPU
		{B12C7AB6-8218-45E5-9412-B8727169AFB8}.Debug|Any CPU.ActiveCfg = Debug|Any CPU
		{B12C7AB6-8218-45E5-9412-B8727169AFB8}.Debug|Any CPU.Build.0 = Debug|Any CPU
		{B12C7AB6-8218-45E5-9412-B8727169AFB8}.Debug|x64.ActiveCfg = Debug|Any CPU
		{B12C7AB6-8218-45E5-9412-B8727169AFB8}.Debug|x64.Build.0 = Debug|Any CPU
		{B12C7AB6-8218-45E5-9412-B8727169AFB8}.Debug|x86.ActiveCfg = Debug|Any CPU
		{B12C7AB6-8218-45E5-9412-B8727169AFB8}.Debug|x86.Build.0 = Debug|Any CPU
		{B12C7AB6-8218-45E5-9412-B8727169AFB8}.Release|Any CPU.ActiveCfg = Release|Any CPU
		{B12C7AB6-8218-45E5-9412-B8727169AFB8}.Release|Any CPU.Build.0 = Release|Any CPU
		{B12C7AB6-8218-45E5-9412-B8727169AFB8}.Release|x64.ActiveCfg = Release|Any CPU
		{B12C7AB6-8218-45E5-9412-B8727169AFB8}.Release|x64.Build.0 = Release|Any CPU
		{B12C7AB6-8218-45E5-9412-B8727169AFB8}.Release|x86.ActiveCfg = Release|Any CPU
		{B12C7AB6-8218-45E5-9412-B8727169AFB8}.Release|x86.Build.0 = Release|Any CPU
	EndGlobalSection
	GlobalSection(SolutionProperties) = preSolution
		HideSolutionNode = FALSE
	EndGlobalSection
	GlobalSection(NestedProjects) = preSolution
		{B12C7AB6-8218-45E5-9412-B8727169AFB4} = {43633E00-8084-F35B-9491-70078C8A554D}
		{B12C7AB6-8218-45E5-9412-B8727169AFB5} = {43633E00-8084-F35B-9491-70078C8A554D}
		{B12C7AB6-8218-45E5-9412-B8727169AFB6} = {43633E00-8084-F35B-9491-70078C8A554D}
		{B12C7AB6-8218-45E5-9412-B8727169AFB7} = {43633E00-8084-F35B-9491-70078C8A554D}
		{B12C7AB6-8218-45E5-9412-B8727169AFB8} = {43633E00-8084-F35B-9491-70078C8A554D}
	EndGlobalSection
EndGlobal
